
Microsoft Visual Studio Solution File, Format Version 12.00
# Visual Studio 15
VisualStudioVersion = 15.0.27428.1
MinimumVisualStudioVersion = 10.0.40219.1
Project("{FAE04EC0-301F-11D3-BF4B-00C04F79EFBC}") = "CLedgeMag", "CLedgeMag\CLedgeMag.csproj", "{D3BC9F9B-2AA9-492F-8B71-318FCFDE71FE}"
EndProject
Global
	GlobalSection(SolutionConfigurationPlatforms) = preSolution
		Debug|Any CPU = Debug|Any CPU
		Release|Any CPU = Release|Any CPU
	EndGlobalSection
	GlobalSection(ProjectConfigurationPlatforms) = postSolution
		{D3BC9F9B-2AA9-492F-8B71-318FCFDE71FE}.Debug|Any CPU.ActiveCfg = Debug|Any CPU
		{D3BC9F9B-2AA9-492F-8B71-318FCFDE71FE}.Debug|Any CPU.Build.0 = Debug|Any CPU
		{D3BC9F9B-2AA9-492F-8B71-318FCFDE71FE}.Release|Any CPU.ActiveCfg = Release|Any CPU
		{D3BC9F9B-2AA9-492F-8B71-318FCFDE71FE}.Release|Any CPU.Build.0 = Release|Any CPU
	EndGlobalSection
	GlobalSection(SolutionProperties) = preSolution
		HideSolutionNode = FALSE
	EndGlobalSection
	GlobalSection(ExtensibilityGlobals) = postSolution
		SolutionGuid = {BDC53A66-00D8-4ADC-BB2B-D95346462CF9}
	EndGlobalSection
EndGlobal
